{
  "name": "falcon-components",
  "version": "0.2.0",
  "lockfileVersion": 3,
  "requires": true,
  "packages": {
    "": {
      "name": "falcon-components",
      "version": "0.2.0",
      "license": "MIT",
      "workspaces": [
        "packages/*"
      ],
      "engines": {
        "node": ">=18 <19"
      }
    },
    "node_modules/@falcon-components/core": {
      "resolved": "packages/core",
      "link": true
    },
    "node_modules/@falcon-components/keyboard": {
      "resolved": "packages/keyboard",
      "link": true
    },
    "node_modules/@falcon-components/loader": {
      "resolved": "packages/loader",
      "link": true
    },
    "node_modules/@falcon-components/node-adapter": {
      "resolved": "packages/node-adapter",
      "link": true
    },
    "node_modules/@falcon-components/ui": {
      "resolved": "packages/ui",
      "link": true
    },
    "packages/core": {
      "name": "@falcon-components/core",
      "version": "0.2.0",
      "license": "MIT"
    },
    "packages/keyboard": {
      "name": "@falcon-components/keyboard",
      "version": "0.0.0",
      "license": "MIT"
    },
    "packages/loader": {
      "name": "@falcon-components/loader",
      "version": "0.2.0",
      "license": "MIT",
      "dependencies": {
        "@falcon-components/core": "0.2.0"
      }
    },
    "packages/node-adapter": {
      "name": "@falcon-components/node-adapter",
      "version": "0.2.0",
      "license": "MIT",
      "dependencies": {
        "@falcon-components/core": "0.2.0"
      }
    },
    "packages/ui": {
      "name": "@falcon-components/ui",
      "version": "0.2.0",
      "license": "MIT",
      "dependencies": {
        "@falcon-components/core": "0.2.0"
      }
    }
  }
}
